
Microsoft Visual Studio Solution File, Format Version 12.00
# Visual Studio 15
VisualStudioVersion = 15.0.28307.1062
MinimumVisualStudioVersion = 10.0.40219.1
Project("{FAE04EC0-301F-11D3-BF4B-00C04F79EFBC}") = "Test_1_Capture_Multiple_Users", "Test_1_Capture_Multiple_Users\Test_1_Capture_Multiple_Users.csproj", "{02C61D6D-D5E3-4F08-BC09-D50BA5833B08}"
EndProject
Global
	GlobalSection(SolutionConfigurationPlatforms) = preSolution
		Debug|Any CPU = Debug|Any CPU
		Release|Any CPU = Release|Any CPU
	EndGlobalSection
	GlobalSection(ProjectConfigurationPlatforms) = postSolution
		{02C61D6D-D5E3-4F08-BC09-D50BA5833B08}.Debug|Any CPU.ActiveCfg = Debug|Any CPU
		{02C61D6D-D5E3-4F08-BC09-D50BA5833B08}.Debug|Any CPU.Build.0 = Debug|Any CPU
		{02C61D6D-D5E3-4F08-BC09-D50BA5833B08}.Release|Any CPU.ActiveCfg = Release|Any CPU
		{02C61D6D-D5E3-4F08-BC09-D50BA5833B08}.Release|Any CPU.Build.0 = Release|Any CPU
	EndGlobalSection
	GlobalSection(SolutionProperties) = preSolution
		HideSolutionNode = FALSE
	EndGlobalSection
	GlobalSection(ExtensibilityGlobals) = postSolution
		SolutionGuid = {3C537398-B878-4D0A-970A-BD08BA23C9CB}
	EndGlobalSection
EndGlobal
